{
  "name": "marta-js-sdk",
  "version": "2.0.0",
  "lockfileVersion": 1,
  "requires": true,
  "dependencies": {
    "@types/es6-promise": {
      "version": "3.3.0",
      "resolved": "https://registry.npmjs.org/@types/es6-promise/-/es6-promise-3.3.0.tgz",
      "integrity": "sha512-ixCIAEkLUKv9movnHKCzx2rzAJgEnSALDXPrOSSwOjWwXFs0ssSZKan+O2e3FExPPCbX+DfA9NcKsbvLuyUlNA==",
      "dev": true,
      "requires": {
        "es6-promise": "*"
      }
    },
    "@types/moment": {
      "version": "2.13.0",
      "resolved": "https://registry.npmjs.org/@types/moment/-/moment-2.13.0.tgz",
      "integrity": "sha1-YE69GJvDvDShVIaJQE5hoqSqyJY=",
      "dev": true,
      "requires": {
        "moment": "*"
      }
    },
    "@types/moment-timezone": {
      "version": "0.5.12",
      "resolved": "https://registry.npmjs.org/@types/moment-timezone/-/moment-timezone-0.5.12.tgz",
      "integrity": "sha512-hnHH2+Efg2vExr/dSz+IX860nSiyk9Sk4pJF2EmS11lRpMcNXeB4KBW5xcgw2QPsb9amTXdsVNEe5IoJXiT0uw==",
      "dev": true,
      "requires": {
        "moment": ">=2.14.0"
      }
    },
    "axios": {
      "version": "0.19.2",
      "resolved": "https://registry.npmjs.org/axios/-/axios-0.19.2.tgz",
      "integrity": "sha512-fjgm5MvRHLhx+osE2xoekY70AhARk3a6hkN+3Io1jc00jtquGvxYlKlsFUhmUET0V5te6CcZI7lcv2Ym61mjHA==",
      "requires": {
        "follow-redirects": "1.5.10"
      }
    },
    "es6-promise": {
      "version": "4.2.8",
      "resolved": "https://registry.npmjs.org/es6-promise/-/es6-promise-4.2.8.tgz",
      "integrity": "sha512-HJDGx5daxeIvxdBxvG2cb9g4tEvwIk3i8+nhX0yGrYmZUzbkdg8QbDevheDB8gd0//uPj4c1EQua8Q+MViT0/w==",
      "dev": true
    },
    "follow-redirects": {
      "version": "1.5.10",
      "resolved": "https://registry.npmjs.org/follow-redirects/-/follow-redirects-1.5.10.tgz",
      "integrity": "sha512-0V5l4Cizzvqt5D44aTXbFZz+FtyXV1vrDN6qrelxtfYQKW0KO0W2T/hkE8xvGa/540LkZlkaUjO4ailYTFtHVQ==",
      "requires": {
        "debug": "=3.1.0"
      },
      "dependencies": {
        "debug": {
          "version": "3.1.0",
          "resolved": "https://registry.npmjs.org/debug/-/debug-3.1.0.tgz",
          "integrity": "sha512-OX8XqP7/1a9cqkxYw2yXss15f26NKWBpDXQd0/uK/KPqdQhxbPa994hnzjcE2VqQpDslf55723cKPUOGSmMY3g==",
          "requires": {
            "ms": "2.0.0"
          }
        }
      }
    },
    "moment": {
      "version": "2.24.0",
      "resolved": "https://registry.npmjs.org/moment/-/moment-2.24.0.tgz",
      "integrity": "sha512-bV7f+6l2QigeBBZSM/6yTNq4P2fNpSWj/0e7jQcy87A8e7o2nAfP/34/2ky5Vw4B9S446EtIhodAzkFCcR4dQg=="
    },
    "moment-timezone": {
      "version": "0.5.28",
      "resolved": "https://registry.npmjs.org/moment-timezone/-/moment-timezone-0.5.28.tgz",
      "integrity": "sha512-TDJkZvAyKIVWg5EtVqRzU97w0Rb0YVbfpqyjgu6GwXCAohVRqwZjf4fOzDE6p1Ch98Sro/8hQQi65WDXW5STPw==",
      "requires": {
        "moment": ">= 2.9.0"
      }
    },
    "ms": {
      "version": "2.0.0",
      "resolved": "https://registry.npmjs.org/ms/-/ms-2.0.0.tgz",
      "integrity": "sha1-VgiurfwAvmwpAd9fmGF4jeDVl8g="
    },
    "typescript": {
      "version": "3.8.3",
      "resolved": "https://registry.npmjs.org/typescript/-/typescript-3.8.3.tgz",
      "integrity": "sha512-MYlEfn5VrLNsgudQTVJeNaQFUAI7DkhnOjdpAp4T+ku1TfQClewlbSuTVHiA+8skNBgaf02TL/kLOvig4y3G8w==",
      "dev": true
    }
  }
}
